# This file is generated by running "yarn install" inside your project.
# Manual changes might be lost - proceed with caution!

__metadata:
  version: 8
  cacheKey: 10c0

"@malept/cross-spawn-promise@npm:^1.0.0":
  version: 1.1.1
  resolution: "@malept/cross-spawn-promise@npm:1.1.1"
  dependencies:
    cross-spawn: "npm:^7.0.1"
  checksum: 10c0/74c427a152ffff0f19b74af6479d05bef1e996d5e081cfc3b8c47477b9240bd1c42a930884cbcd0c89ee3835201a3bd88d0b0bfd754c0cbb56fc84a28996a8e7
  languageName: node
  linkType: hard

"@malept/cross-spawn-promise@npm:^2.0.0":
  version: 2.0.0
  resolution: "@malept/cross-spawn-promise@npm:2.0.0"
  dependencies:
    cross-spawn: "npm:^7.0.1"
  checksum: 10c0/84d60b8d467f4252114849f0a33c3763f07898335269eec5c94978ccac9d5680e1e268d993dd1a6d25a91476f9e0992759d7e1f385f9f3a090d862f9bb949603
  languageName: node
  linkType: hard

"@oxlint/binding-android-arm-eabi@npm:1.71.0":
  version: 1.71.0
  resolution: "@oxlint/binding-android-arm-eabi@npm:1.71.0"
  conditions: os=android & cpu=arm
  languageName: node
  linkType: hard

"@oxlint/binding-android-arm64@npm:1.71.0":
  version: 1.71.0
  resolution: "@oxlint/binding-android-arm64@npm:1.71.0"
  conditions: os=android & cpu=arm64
  languageName: node
  linkType: hard

"@oxlint/binding-darwin-arm64@npm:1.71.0":
  version: 1.71.0
  resolution: "@oxlint/binding-darwin-arm64@npm:1.71.0"
  conditions: os=darwin & cpu=arm64
  languageName: node
  linkType: hard

"@oxlint/binding-darwin-x64@npm:1.71.0":
  version: 1.71.0
  resolution: "@oxlint/binding-darwin-x64@npm:1.71.0"
  conditions: os=darwin & cpu=x64
  languageName: node
  linkType: hard

"@oxlint/binding-freebsd-x64@npm:1.71.0":
  version: 1.71.0
  resolution: "@oxlint/binding-freebsd-x64@npm:1.71.0"
  conditions: os=freebsd & cpu=x64
  languageName: node
  linkType: hard

"@oxlint/binding-linux-arm-gnueabihf@npm:1.71.0":
  version: 1.71.0
  resolution: "@oxlint/binding-linux-arm-gnueabihf@npm:1.71.0"
  conditions: os=linux & cpu=arm
  languageName: node
  linkType: hard

"@oxlint/binding-linux-arm-musleabihf@npm:1.71.0":
  version: 1.71.0
  resolution: "@oxlint/binding-linux-arm-musleabihf@npm:1.71.0"
  conditions: os=linux & cpu=arm
  languageName: node
  linkType: hard

"@oxlint/binding-linux-arm64-gnu@npm:1.71.0":
  version: 1.71.0
  resolution: "@oxlint/binding-linux-arm64-gnu@npm:1.71.0"
  conditions: os=linux & cpu=arm64 & libc=glibc
  languageName: node
  linkType: hard

"@oxlint/binding-linux-arm64-musl@npm:1.71.0":
  version: 1.71.0
  resolution: "@oxlint/binding-linux-arm64-musl@npm:1.71.0"
  conditions: os=linux & cpu=arm64 & libc=musl
  languageName: node
  linkType: hard

"@oxlint/binding-linux-ppc64-gnu@npm:1.71.0":
  version: 1.71.0
  resolution: "@oxlint/binding-linux-ppc64-gnu@npm:1.71.0"
  conditions: os=linux & cpu=ppc64 & libc=glibc
  languageName: node
  linkType: hard

"@oxlint/binding-linux-riscv64-gnu@npm:1.71.0":
  version: 1.71.0
  resolution: "@oxlint/binding-linux-riscv64-gnu@npm:1.71.0"
  conditions: os=linux & cpu=riscv64 & libc=glibc
  languageName: node
  linkType: hard

"@oxlint/binding-linux-riscv64-musl@npm:1.71.0":
  version: 1.71.0
  resolution: "@oxlint/binding-linux-riscv64-musl@npm:1.71.0"
  conditions: os=linux & cpu=riscv64 & libc=musl
  languageName: node
  linkType: hard

"@oxlint/binding-linux-s390x-gnu@npm:1.71.0":
  version: 1.71.0
  resolution: "@oxlint/binding-linux-s390x-gnu@npm:1.71.0"
  conditions: os=linux & cpu=s390x & libc=glibc
  languageName: node
  linkType: hard

"@oxlint/binding-linux-x64-gnu@npm:1.71.0":
  version: 1.71.0
  resolution: "@oxlint/binding-linux-x64-gnu@npm:1.71.0"
  conditions: os=linux & cpu=x64 & libc=glibc
  languageName: node
  linkType: hard

"@oxlint/binding-linux-x64-musl@npm:1.71.0":
  version: 1.71.0
  resolution: "@oxlint/binding-linux-x64-musl@npm:1.71.0"
  conditions: os=linux & cpu=x64 & libc=musl
  languageName: node
  linkType: hard

"@oxlint/binding-openharmony-arm64@npm:1.71.0":
  version: 1.71.0
  resolution: "@oxlint/binding-openharmony-arm64@npm:1.71.0"
  conditions: os=openharmony & cpu=arm64
  languageName: node
  linkType: hard

"@oxlint/binding-win32-arm64-msvc@npm:1.71.0":
  version: 1.71.0
  resolution: "@oxlint/binding-win32-arm64-msvc@npm:1.71.0"
  conditions: os=win32 & cpu=arm64
  languageName: node
  linkType: hard

"@oxlint/binding-win32-ia32-msvc@npm:1.71.0":
  version: 1.71.0
  resolution: "@oxlint/binding-win32-ia32-msvc@npm:1.71.0"
  conditions: os=win32 & cpu=ia32
  languageName: node
  linkType: hard

"@oxlint/binding-win32-x64-msvc@npm:1.71.0":
  version: 1.71.0
  resolution: "@oxlint/binding-win32-x64-msvc@npm:1.71.0"
  conditions: os=win32 & cpu=x64
  languageName: node
  linkType: hard

"@types/fs-extra@npm:^9.0.1":
  version: 9.0.13
  resolution: "@types/fs-extra@npm:9.0.13"
  dependencies:
    "@types/node": "npm:*"
  checksum: 10c0/576d4e9d382393316ed815c593f7f5c157408ec5e184521d077fcb15d514b5a985245f153ef52142b9b976cb9bd8f801850d51238153ebd0dc9e96b7a7548588
  languageName: node
  linkType: hard

"@types/glob@npm:^7.1.1":
  version: 7.2.0
  resolution: "@types/glob@npm:7.2.0"
  dependencies:
    "@types/minimatch": "npm:*"
    "@types/node": "npm:*"
  checksum: 10c0/a8eb5d5cb5c48fc58c7ca3ff1e1ddf771ee07ca5043da6e4871e6757b4472e2e73b4cfef2644c38983174a4bc728c73f8da02845c28a1212f98cabd293ecae98
  languageName: node
  linkType: hard

"@types/minimatch@npm:*":
  version: 5.1.2
  resolution: "@types/minimatch@npm:5.1.2"
  checksum: 10c0/83cf1c11748891b714e129de0585af4c55dd4c2cafb1f1d5233d79246e5e1e19d1b5ad9e8db449667b3ffa2b6c80125c429dbee1054e9efb45758dbc4e118562
  languageName: node
  linkType: hard

"@types/node@npm:*":
  version: 25.9.1
  resolution: "@types/node@npm:25.9.1"
  dependencies:
    undici-types: "npm:>=7.24.0 <7.24.7"
  checksum: 10c0/9a04682842bebbcf21a1779dfeab9aa733d7bd7bbc0a0edb641ab3a9a3d43eac543225acf669c334f458f1956443ebc072bc3c72840c543b8b356cab5c82d456
  languageName: node
  linkType: hard

"ansi-regex@npm:^6.2.2":
  version: 6.2.2
  resolution: "ansi-regex@npm:6.2.2"
  checksum: 10c0/05d4acb1d2f59ab2cf4b794339c7b168890d44dda4bf0ce01152a8da0213aca207802f930442ce8cd22d7a92f44907664aac6508904e75e038fa944d2601b30f
  languageName: node
  linkType: hard

"ansi-styles@npm:^6.2.1":
  version: 6.2.3
  resolution: "ansi-styles@npm:6.2.3"
  checksum: 10c0/23b8a4ce14e18fb854693b95351e286b771d23d8844057ed2e7d083cd3e708376c3323707ec6a24365f7d7eda3ca00327fe04092e29e551499ec4c8b7bfac868
  languageName: node
  linkType: hard

"asar@npm:^3.0.0":
  version: 3.2.0
  resolution: "asar@npm:3.2.0"
  dependencies:
    "@types/glob": "npm:^7.1.1"
    chromium-pickle-js: "npm:^0.2.0"
    commander: "npm:^5.0.0"
    glob: "npm:^7.1.6"
    minimatch: "npm:^3.0.4"
  dependenciesMeta:
    "@types/glob":
      optional: true
  bin:
    asar: bin/asar.js
  checksum: 10c0/1eea9686e3df8102251b911951d374c4bb758ce2881471c94c3999f7c473c96be6036ac09aafbd9453ba43b901e96ad0082d7e1bafc12f6768571353297c516f
  languageName: node
  linkType: hard

"at-least-node@npm:^1.0.0":
  version: 1.0.0
  resolution: "at-least-node@npm:1.0.0"
  checksum: 10c0/4c058baf6df1bc5a1697cf182e2029c58cd99975288a13f9e70068ef5d6f4e1f1fd7c4d2c3c4912eae44797d1725be9700995736deca441b39f3e66d8dee97ef
  languageName: node
  linkType: hard

"author-regex@npm:^1.0.0":
  version: 1.0.0
  resolution: "author-regex@npm:1.0.0"
  checksum: 10c0/3f3a5ad6660be010bd5b979fac180f435bd9615e81db2b1cdac081eb3f639461f6c3927ced956e377a5c91cc789e3de3a3e900e296c1423971043c8fd8be0b73
  languageName: node
  linkType: hard

"balanced-match@npm:^1.0.0":
  version: 1.0.2
  resolution: "balanced-match@npm:1.0.2"
  checksum: 10c0/9308baf0a7e4838a82bbfd11e01b1cb0f0cf2893bc1676c27c2a8c0e70cbae1c59120c3268517a8ae7fb6376b4639ef81ca22582611dbee4ed28df945134aaee
  languageName: node
  linkType: hard

"brace-expansion@npm:^1.1.7":
  version: 1.1.15
  resolution: "brace-expansion@npm:1.1.15"
  dependencies:
    balanced-match: "npm:^1.0.0"
    concat-map: "npm:0.0.1"
  checksum: 10c0/648e273f57cfa9ed67d8a77bdb15b408205465d33da9331808ee3c188d8b55674c9cdbf1f320b65bc562e485e1263360ae62ad355e128e0435891f6430e795d7
  languageName: node
  linkType: hard

"chai@npm:^6.2.0":
  version: 6.2.2
  resolution: "chai@npm:6.2.2"
  checksum: 10c0/e6c69e5f0c11dffe6ea13d0290936ebb68fcc1ad688b8e952e131df6a6d5797d5e860bc55cef1aca2e950c3e1f96daf79e9d5a70fb7dbaab4e46355e2635ed53
  languageName: node
  linkType: hard

"chromium-pickle-js@npm:^0.2.0":
  version: 0.2.0
  resolution: "chromium-pickle-js@npm:0.2.0"
  checksum: 10c0/0a95bd280acdf05b0e08fa1a0e1db58c815dd24e92d639add8f494d23a8a49c26e4829721224d68f2f0e57a69047714db29bcff6deb5d029332321223416cb29
  languageName: node
  linkType: hard

"cliui@npm:^9.0.1":
  version: 9.0.1
  resolution: "cliui@npm:9.0.1"
  dependencies:
    string-width: "npm:^7.2.0"
    strip-ansi: "npm:^7.1.0"
    wrap-ansi: "npm:^9.0.0"
  checksum: 10c0/13441832e9efe7c7a76bd2b8e683555c478d461a9f249dc5db9b17fe8d4b47fa9277b503914b90bd00e4a151abb6b9b02b2288972ffe2e5e3ca40bcb1c2330d3
  languageName: node
  linkType: hard

"commander@npm:^5.0.0":
  version: 5.1.0
  resolution: "commander@npm:5.1.0"
  checksum: 10c0/da9d71dbe4ce039faf1fe9eac3771dca8c11d66963341f62602f7b66e36d2a3f8883407af4f9a37b1db1a55c59c0c1325f186425764c2e963dc1d67aec2a4b6d
  languageName: node
  linkType: hard

"concat-map@npm:0.0.1":
  version: 0.0.1
  resolution: "concat-map@npm:0.0.1"
  checksum: 10c0/c996b1cfdf95b6c90fee4dae37e332c8b6eb7d106430c17d538034c0ad9a1630cb194d2ab37293b1bdd4d779494beee7786d586a50bd9376fd6f7bcc2bd4c98f
  languageName: node
  linkType: hard

"cross-spawn@npm:^7.0.1":
  version: 7.0.6
  resolution: "cross-spawn@npm:7.0.6"
  dependencies:
    path-key: "npm:^3.1.0"
    shebang-command: "npm:^2.0.0"
    which: "npm:^2.0.1"
  checksum: 10c0/053ea8b2135caff68a9e81470e845613e374e7309a47731e81639de3eaeb90c3d01af0e0b44d2ab9d50b43467223b88567dfeb3262db942dc063b9976718ffc1
  languageName: node
  linkType: hard

"debug@npm:^4.1.1":
  version: 4.4.3
  resolution: "debug@npm:4.4.3"
  dependencies:
    ms: "npm:^2.1.3"
  peerDependenciesMeta:
    supports-color:
      optional: true
  checksum: 10c0/d79136ec6c83ecbefd0f6a5593da6a9c91ec4d7ddc4b54c883d6e71ec9accb5f67a1a5e96d00a328196b5b5c86d365e98d8a3a70856aaf16b4e7b1985e67f5a6
  languageName: node
  linkType: hard

"electron-installer-common@npm:^0.10.3":
  version: 0.10.3
  resolution: "electron-installer-common@npm:0.10.3"
  dependencies:
    "@malept/cross-spawn-promise": "npm:^1.0.0"
    "@types/fs-extra": "npm:^9.0.1"
    asar: "npm:^3.0.0"
    debug: "npm:^4.1.1"
    fs-extra: "npm:^9.0.0"
    glob: "npm:^7.1.4"
    lodash: "npm:^4.17.15"
    parse-author: "npm:^2.0.0"
    semver: "npm:^7.1.1"
    tmp-promise: "npm:^3.0.2"
  dependenciesMeta:
    "@types/fs-extra":
      optional: true
  checksum: 10c0/c52c0f2d59f66fea9bf4d1009895d0df5790ed5c1796fb4b6a689c4bb9de1a31518cb8f6c6b3506e73bd39da89b0547b08a373a3ded897bb26d6108a9c3d7258
  languageName: node
  linkType: hard

"electron-installer-debian@workspace:.":
  version: 0.0.0-use.local
  resolution: "electron-installer-debian@workspace:."
  dependencies:
    "@malept/cross-spawn-promise": "npm:^2.0.0"
    chai: "npm:^6.2.0"
    debug: "npm:^4.1.1"
    electron-installer-common: "npm:^0.10.3"
    oxlint: "npm:^1.59.0"
    parse-author: "npm:^2.0.0"
    promise-retry: "npm:^2.0.1"
    tmp-promise: "npm:^3.0.2"
    word-wrap: "npm:^1.2.4"
    yargs: "npm:^18.0.0"
  bin:
    electron-installer-debian: src/cli.js
  languageName: unknown
  linkType: soft

"emoji-regex@npm:^10.3.0":
  version: 10.6.0
  resolution: "emoji-regex@npm:10.6.0"
  checksum: 10c0/1e4aa097bb007301c3b4b1913879ae27327fdc48e93eeefefe3b87e495eb33c5af155300be951b4349ff6ac084f4403dc9eff970acba7c1c572d89396a9a32d7
  languageName: node
  linkType: hard

"err-code@npm:^2.0.2":
  version: 2.0.3
  resolution: "err-code@npm:2.0.3"
  checksum: 10c0/b642f7b4dd4a376e954947550a3065a9ece6733ab8e51ad80db727aaae0817c2e99b02a97a3d6cecc648a97848305e728289cf312d09af395403a90c9d4d8a66
  languageName: node
  linkType: hard

"escalade@npm:^3.1.1":
  version: 3.2.0
  resolution: "escalade@npm:3.2.0"
  checksum: 10c0/ced4dd3a78e15897ed3be74e635110bbf3b08877b0a41be50dcb325ee0e0b5f65fc2d50e9845194d7c4633f327e2e1c6cce00a71b617c5673df0374201d67f65
  languageName: node
  linkType: hard

"fs-extra@npm:^9.0.0":
  version: 9.1.0
  resolution: "fs-extra@npm:9.1.0"
  dependencies:
    at-least-node: "npm:^1.0.0"
    graceful-fs: "npm:^4.2.0"
    jsonfile: "npm:^6.0.1"
    universalify: "npm:^2.0.0"
  checksum: 10c0/9b808bd884beff5cb940773018179a6b94a966381d005479f00adda6b44e5e3d4abf765135773d849cc27efe68c349e4a7b86acd7d3306d5932c14f3a4b17a92
  languageName: node
  linkType: hard

"fs.realpath@npm:^1.0.0":
  version: 1.0.0
  resolution: "fs.realpath@npm:1.0.0"
  checksum: 10c0/444cf1291d997165dfd4c0d58b69f0e4782bfd9149fd72faa4fe299e68e0e93d6db941660b37dd29153bf7186672ececa3b50b7e7249477b03fdf850f287c948
  languageName: node
  linkType: hard

"get-caller-file@npm:^2.0.5":
  version: 2.0.5
  resolution: "get-caller-file@npm:2.0.5"
  checksum: 10c0/c6c7b60271931fa752aeb92f2b47e355eac1af3a2673f47c9589e8f8a41adc74d45551c1bc57b5e66a80609f10ffb72b6f575e4370d61cc3f7f3aaff01757cde
  languageName: node
  linkType: hard

"get-east-asian-width@npm:^1.0.0":
  version: 1.6.0
  resolution: "get-east-asian-width@npm:1.6.0"
  checksum: 10c0/7e72e9550fd49ca5b246f9af6bb2afc129c96412845ff6556b3274fd44817a381702ca17028efe9866b261a3d44254cbf21e6c90cf05b4b61675630af776d431
  languageName: node
  linkType: hard

"glob@npm:^7.1.4, glob@npm:^7.1.6":
  version: 7.2.3
  resolution: "glob@npm:7.2.3"
  dependencies:
    fs.realpath: "npm:^1.0.0"
    inflight: "npm:^1.0.4"
    inherits: "npm:2"
    minimatch: "npm:^3.1.1"
    once: "npm:^1.3.0"
    path-is-absolute: "npm:^1.0.0"
  checksum: 10c0/65676153e2b0c9095100fe7f25a778bf45608eeb32c6048cf307f579649bcc30353277b3b898a3792602c65764e5baa4f643714dfbdfd64ea271d210c7a425fe
  languageName: node
  linkType: hard

"graceful-fs@npm:^4.1.6, graceful-fs@npm:^4.2.0":
  version: 4.2.11
  resolution: "graceful-fs@npm:4.2.11"
  checksum: 10c0/386d011a553e02bc594ac2ca0bd6d9e4c22d7fa8cfbfc448a6d148c59ea881b092db9dbe3547ae4b88e55f1b01f7c4a2ecc53b310c042793e63aa44cf6c257f2
  languageName: node
  linkType: hard

"inflight@npm:^1.0.4":
  version: 1.0.6
  resolution: "inflight@npm:1.0.6"
  dependencies:
    once: "npm:^1.3.0"
    wrappy: "npm:1"
  checksum: 10c0/7faca22584600a9dc5b9fca2cd5feb7135ac8c935449837b315676b4c90aa4f391ec4f42240178244b5a34e8bede1948627fda392ca3191522fc46b34e985ab2
  languageName: node
  linkType: hard

"inherits@npm:2":
  version: 2.0.4
  resolution: "inherits@npm:2.0.4"
  checksum: 10c0/4e531f648b29039fb7426fb94075e6545faa1eb9fe83c29f0b6d9e7263aceb4289d2d4557db0d428188eeb449cc7c5e77b0a0b2c4e248ff2a65933a0dee49ef2
  languageName: node
  linkType: hard

"isexe@npm:^2.0.0":
  version: 2.0.0
  resolution: "isexe@npm:2.0.0"
  checksum: 10c0/228cfa503fadc2c31596ab06ed6aa82c9976eec2bfd83397e7eaf06d0ccf42cd1dfd6743bf9aeb01aebd4156d009994c5f76ea898d2832c1fe342da923ca457d
  languageName: node
  linkType: hard

"jsonfile@npm:^6.0.1":
  version: 6.2.1
  resolution: "jsonfile@npm:6.2.1"
  dependencies:
    graceful-fs: "npm:^4.1.6"
    universalify: "npm:^2.0.0"
  dependenciesMeta:
    graceful-fs:
      optional: true
  checksum: 10c0/e1abf000ecee9942d4d028a8e02dc752617face227d72afd1cfb2187e2433079e625bf82b807a313689db71b6472c6b2b389a2340d2798737b1199a39631c28a
  languageName: node
  linkType: hard

"lodash@npm:^4.17.15":
  version: 4.18.1
  resolution: "lodash@npm:4.18.1"
  checksum: 10c0/757228fc68805c59789e82185135cf85f05d0b2d3d54631d680ca79ec21944ec8314d4533639a14b8bcfbd97a517e78960933041a5af17ecb693ec6eecb99a27
  languageName: node
  linkType: hard

"minimatch@npm:^3.0.4, minimatch@npm:^3.1.1":
  version: 3.1.5
  resolution: "minimatch@npm:3.1.5"
  dependencies:
    brace-expansion: "npm:^1.1.7"
  checksum: 10c0/2ecbdc0d33f07bddb0315a8b5afbcb761307a8778b48f0b312418ccbced99f104a2d17d8aca7573433c70e8ccd1c56823a441897a45e384ea76ef401a26ace70
  languageName: node
  linkType: hard

"ms@npm:^2.1.3":
  version: 2.1.3
  resolution: "ms@npm:2.1.3"
  checksum: 10c0/d924b57e7312b3b63ad21fc5b3dc0af5e78d61a1fc7cfb5457edaf26326bf62be5307cc87ffb6862ef1c2b33b0233cdb5d4f01c4c958cc0d660948b65a287a48
  languageName: node
  linkType: hard

"once@npm:^1.3.0":
  version: 1.4.0
  resolution: "once@npm:1.4.0"
  dependencies:
    wrappy: "npm:1"
  checksum: 10c0/5d48aca287dfefabd756621c5dfce5c91a549a93e9fdb7b8246bc4c4790aa2ec17b34a260530474635147aeb631a2dcc8b32c613df0675f96041cbb8244517d0
  languageName: node
  linkType: hard

"oxlint@npm:^1.59.0":
  version: 1.71.0
  resolution: "oxlint@npm:1.71.0"
  dependencies:
    "@oxlint/binding-android-arm-eabi": "npm:1.71.0"
    "@oxlint/binding-android-arm64": "npm:1.71.0"
    "@oxlint/binding-darwin-arm64": "npm:1.71.0"
    "@oxlint/binding-darwin-x64": "npm:1.71.0"
    "@oxlint/binding-freebsd-x64": "npm:1.71.0"
    "@oxlint/binding-linux-arm-gnueabihf": "npm:1.71.0"
    "@oxlint/binding-linux-arm-musleabihf": "npm:1.71.0"
    "@oxlint/binding-linux-arm64-gnu": "npm:1.71.0"
    "@oxlint/binding-linux-arm64-musl": "npm:1.71.0"
    "@oxlint/binding-linux-ppc64-gnu": "npm:1.71.0"
    "@oxlint/binding-linux-riscv64-gnu": "npm:1.71.0"
    "@oxlint/binding-linux-riscv64-musl": "npm:1.71.0"
    "@oxlint/binding-linux-s390x-gnu": "npm:1.71.0"
    "@oxlint/binding-linux-x64-gnu": "npm:1.71.0"
    "@oxlint/binding-linux-x64-musl": "npm:1.71.0"
    "@oxlint/binding-openharmony-arm64": "npm:1.71.0"
    "@oxlint/binding-win32-arm64-msvc": "npm:1.71.0"
    "@oxlint/binding-win32-ia32-msvc": "npm:1.71.0"
    "@oxlint/binding-win32-x64-msvc": "npm:1.71.0"
  peerDependencies:
    oxlint-tsgolint: ">=0.22.1"
    vite-plus: "*"
  dependenciesMeta:
    "@oxlint/binding-android-arm-eabi":
      optional: true
    "@oxlint/binding-android-arm64":
      optional: true
    "@oxlint/binding-darwin-arm64":
      optional: true
    "@oxlint/binding-darwin-x64":
      optional: true
    "@oxlint/binding-freebsd-x64":
      optional: true
    "@oxlint/binding-linux-arm-gnueabihf":
      optional: true
    "@oxlint/binding-linux-arm-musleabihf":
      optional: true
    "@oxlint/binding-linux-arm64-gnu":
      optional: true
    "@oxlint/binding-linux-arm64-musl":
      optional: true
    "@oxlint/binding-linux-ppc64-gnu":
      optional: true
    "@oxlint/binding-linux-riscv64-gnu":
      optional: true
    "@oxlint/binding-linux-riscv64-musl":
      optional: true
    "@oxlint/binding-linux-s390x-gnu":
      optional: true
    "@oxlint/binding-linux-x64-gnu":
      optional: true
    "@oxlint/binding-linux-x64-musl":
      optional: true
    "@oxlint/binding-openharmony-arm64":
      optional: true
    "@oxlint/binding-win32-arm64-msvc":
      optional: true
    "@oxlint/binding-win32-ia32-msvc":
      optional: true
    "@oxlint/binding-win32-x64-msvc":
      optional: true
  peerDependenciesMeta:
    oxlint-tsgolint:
      optional: true
    vite-plus:
      optional: true
  bin:
    oxlint: bin/oxlint
  checksum: 10c0/c5374ea8b3ac130cc60f4217cc72bf4d047535f6d1b8e414fa587ffcf1c7ca283010b82282385898f1039efe85e4931d73480970b295dcd4bb8bab7a91317b22
  languageName: node
  linkType: hard

"parse-author@npm:^2.0.0":
  version: 2.0.0
  resolution: "parse-author@npm:2.0.0"
  dependencies:
    author-regex: "npm:^1.0.0"
  checksum: 10c0/8b4c19523588a4271c89f64e8167be7c80b4765059c865d38a996c37d080c7e5123e3e2d07d47290891628ad27f4dfb692e3b61156c52fcc0af6cdce3ed57afd
  languageName: node
  linkType: hard

"path-is-absolute@npm:^1.0.0":
  version: 1.0.1
  resolution: "path-is-absolute@npm:1.0.1"
  checksum: 10c0/127da03c82172a2a50099cddbf02510c1791fc2cc5f7713ddb613a56838db1e8168b121a920079d052e0936c23005562059756d653b7c544c53185efe53be078
  languageName: node
  linkType: hard

"path-key@npm:^3.1.0":
  version: 3.1.1
  resolution: "path-key@npm:3.1.1"
  checksum: 10c0/748c43efd5a569c039d7a00a03b58eecd1d75f3999f5a28303d75f521288df4823bc057d8784eb72358b2895a05f29a070bc9f1f17d28226cc4e62494cc58c4c
  languageName: node
  linkType: hard

"promise-retry@npm:^2.0.1":
  version: 2.0.1
  resolution: "promise-retry@npm:2.0.1"
  dependencies:
    err-code: "npm:^2.0.2"
    retry: "npm:^0.12.0"
  checksum: 10c0/9c7045a1a2928094b5b9b15336dcd2a7b1c052f674550df63cc3f36cd44028e5080448175b6f6ca32b642de81150f5e7b1a98b728f15cb069f2dd60ac2616b96
  languageName: node
  linkType: hard

"retry@npm:^0.12.0":
  version: 0.12.0
  resolution: "retry@npm:0.12.0"
  checksum: 10c0/59933e8501727ba13ad73ef4a04d5280b3717fd650408460c987392efe9d7be2040778ed8ebe933c5cbd63da3dcc37919c141ef8af0a54a6e4fca5a2af177bfe
  languageName: node
  linkType: hard

"semver@npm:^7.1.1":
  version: 7.8.1
  resolution: "semver@npm:7.8.1"
  bin:
    semver: bin/semver.js
  checksum: 10c0/92d6871d6347e1f99d0ba396a70f2545ccf2a032cda3d378fa0699edf7506b5c6d266aed55c8b88e72bd91a30d2351e4f39db479375374430fcdc4b58f4e3c1a
  languageName: node
  linkType: hard

"shebang-command@npm:^2.0.0":
  version: 2.0.0
  resolution: "shebang-command@npm:2.0.0"
  dependencies:
    shebang-regex: "npm:^3.0.0"
  checksum: 10c0/a41692e7d89a553ef21d324a5cceb5f686d1f3c040759c50aab69688634688c5c327f26f3ecf7001ebfd78c01f3c7c0a11a7c8bfd0a8bc9f6240d4f40b224e4e
  languageName: node
  linkType: hard

"shebang-regex@npm:^3.0.0":
  version: 3.0.0
  resolution: "shebang-regex@npm:3.0.0"
  checksum: 10c0/1dbed0726dd0e1152a92696c76c7f06084eb32a90f0528d11acd764043aacf76994b2fb30aa1291a21bd019d6699164d048286309a278855ee7bec06cf6fb690
  languageName: node
  linkType: hard

"string-width@npm:^7.0.0, string-width@npm:^7.2.0":
  version: 7.2.0
  resolution: "string-width@npm:7.2.0"
  dependencies:
    emoji-regex: "npm:^10.3.0"
    get-east-asian-width: "npm:^1.0.0"
    strip-ansi: "npm:^7.1.0"
  checksum: 10c0/eb0430dd43f3199c7a46dcbf7a0b34539c76fe3aa62763d0b0655acdcbdf360b3f66f3d58ca25ba0205f42ea3491fa00f09426d3b7d3040e506878fc7664c9b9
  languageName: node
  linkType: hard

"strip-ansi@npm:^7.1.0":
  version: 7.2.0
  resolution: "strip-ansi@npm:7.2.0"
  dependencies:
    ansi-regex: "npm:^6.2.2"
  checksum: 10c0/544d13b7582f8254811ea97db202f519e189e59d35740c46095897e254e4f1aa9fe1524a83ad6bc5ad67d4dd6c0281d2e0219ed62b880a6238a16a17d375f221
  languageName: node
  linkType: hard

"tmp-promise@npm:^3.0.2":
  version: 3.0.3
  resolution: "tmp-promise@npm:3.0.3"
  dependencies:
    tmp: "npm:^0.2.0"
  checksum: 10c0/23b47dcb2e82b14bbd8f61ed7a9d9353cdb6a6f09d7716616cfd27d0087040cd40152965a518e598d7aabe1489b9569bf1eebde0c5fadeaf3ec8098adcebea4e
  languageName: node
  linkType: hard

"tmp@npm:^0.2.0":
  version: 0.2.7
  resolution: "tmp@npm:0.2.7"
  checksum: 10c0/59eb55584f2f07210d3231b6a1f6b5c2b9794d8a7b509c8ee867ed2acad6d2245ee2448b7937b676ffbff3155a70077edde8a69f9d7cf0f90c86a62e8910c357
  languageName: node
  linkType: hard

"undici-types@npm:>=7.24.0 <7.24.7":
  version: 7.24.6
  resolution: "undici-types@npm:7.24.6"
  checksum: 10c0/d9cd8befb643ac904615c280a095ba4240531f6bb4a5e75a22a7483630ca8d3f1016d2ab6ace6ceda1f63b3a2db2fe037fafe121d6917a0187573aa548ff78ca
  languageName: node
  linkType: hard

"universalify@npm:^2.0.0":
  version: 2.0.1
  resolution: "universalify@npm:2.0.1"
  checksum: 10c0/73e8ee3809041ca8b818efb141801a1004e3fc0002727f1531f4de613ea281b494a40909596dae4a042a4fb6cd385af5d4db2e137b1362e0e91384b828effd3a
  languageName: node
  linkType: hard

"which@npm:^2.0.1":
  version: 2.0.2
  resolution: "which@npm:2.0.2"
  dependencies:
    isexe: "npm:^2.0.0"
  bin:
    node-which: ./bin/node-which
  checksum: 10c0/66522872a768b60c2a65a57e8ad184e5372f5b6a9ca6d5f033d4b0dc98aff63995655a7503b9c0a2598936f532120e81dd8cc155e2e92ed662a2b9377cc4374f
  languageName: node
  linkType: hard

"word-wrap@npm:^1.2.4":
  version: 1.2.5
  resolution: "word-wrap@npm:1.2.5"
  checksum: 10c0/e0e4a1ca27599c92a6ca4c32260e8a92e8a44f4ef6ef93f803f8ed823f486e0889fc0b93be4db59c8d51b3064951d25e43d434e95dc8c960cc3a63d65d00ba20
  languageName: node
  linkType: hard

"wrap-ansi@npm:^9.0.0":
  version: 9.0.2
  resolution: "wrap-ansi@npm:9.0.2"
  dependencies:
    ansi-styles: "npm:^6.2.1"
    string-width: "npm:^7.0.0"
    strip-ansi: "npm:^7.1.0"
  checksum: 10c0/3305839b9a0d6fb930cb63a52f34d3936013d8b0682ff3ec133c9826512620f213800ffa19ea22904876d5b7e9a3c1f40682f03597d986a4ca881fa7b033688c
  languageName: node
  linkType: hard

"wrappy@npm:1":
  version: 1.0.2
  resolution: "wrappy@npm:1.0.2"
  checksum: 10c0/56fece1a4018c6a6c8e28fbc88c87e0fbf4ea8fd64fc6c63b18f4acc4bd13e0ad2515189786dd2c30d3eec9663d70f4ecf699330002f8ccb547e4a18231fc9f0
  languageName: node
  linkType: hard

"y18n@npm:^5.0.5":
  version: 5.0.8
  resolution: "y18n@npm:5.0.8"
  checksum: 10c0/4df2842c36e468590c3691c894bc9cdbac41f520566e76e24f59401ba7d8b4811eb1e34524d57e54bc6d864bcb66baab7ffd9ca42bf1eda596618f9162b91249
  languageName: node
  linkType: hard

"yargs-parser@npm:^22.0.0":
  version: 22.0.0
  resolution: "yargs-parser@npm:22.0.0"
  checksum: 10c0/cb7ef81759c4271cb1d96b9351dbbc9a9ce35d3e1122d2b739bf6c432603824fa02c67cc12dcef6ea80283379d63495686e8f41cc7b06c6576e792aba4d33e1c
  languageName: node
  linkType: hard

"yargs@npm:^18.0.0":
  version: 18.0.0
  resolution: "yargs@npm:18.0.0"
  dependencies:
    cliui: "npm:^9.0.1"
    escalade: "npm:^3.1.1"
    get-caller-file: "npm:^2.0.5"
    string-width: "npm:^7.2.0"
    y18n: "npm:^5.0.5"
    yargs-parser: "npm:^22.0.0"
  checksum: 10c0/bf290e4723876ea9c638c786a5c42ac28e03c9ca2325e1424bf43b94e5876456292d3ed905b853ebbba6daf43ed29e772ac2a6b3c5fb1b16533245d6211778f3
  languageName: node
  linkType: hard
